{
  "name": "@trixt0r/ecs-pixi",
  "version": "0.0.0",
  "lockfileVersion": 1,
  "requires": true,
  "dependencies": {
    "@pixi/accessibility": {
      "version": "6.2.1",
      "resolved": "https://registry.npmjs.org/@pixi/accessibility/-/accessibility-6.2.1.tgz",
      "integrity": "sha512-zXgXx3BostasR69a68BDGVMEjL5CWBct+LtongU1T8HgdXbu2BPaZ/Z679pMj23+5oAR0mUeoH7qTTyRQ2kS3g==",
      "dev": true
    },
    "@pixi/app": {
      "version": "6.2.1",
      "resolved": "https://registry.npmjs.org/@pixi/app/-/app-6.2.1.tgz",
      "integrity": "sha512-J1dlu4PTF6O9WfHKTs0pg3NSePW2+8M2yMrivR7R/Z3CmmebnRiquua7U/avQXkLVJBwGdSyij2e6fN8dvnUXw==",
      "dev": true
    },
    "@pixi/compressed-textures": {
      "version": "6.2.1",
      "resolved": "https://registry.npmjs.org/@pixi/compressed-textures/-/compressed-textures-6.2.1.tgz",
      "integrity": "sha512-ZtmitA5ClIBqBo/dR1pd2n/y/xxOC+UKAj1S04FZiXaekYjmcsPUKxbq2Mgp8Qk2PBdz98HSQ4/xOGAYBMWrdQ==",
      "dev": true
    },
    "@pixi/constants": {
      "version": "6.2.1",
      "resolved": "https://registry.npmjs.org/@pixi/constants/-/constants-6.2.1.tgz",
      "integrity": "sha512-Dppt6rjYP4mIvJCY1I38XhPSfXoOm+A+ERKljLjcvcxVAMhqCTVz3YMp2cUzaio6DtQutiQ6tT06M40xlBZ/lA==",
      "dev": true
    },
    "@pixi/core": {
      "version": "6.2.1",
      "resolved": "https://registry.npmjs.org/@pixi/core/-/core-6.2.1.tgz",
      "integrity": "sha512-Ndh4/sNXWEkDeU5waWBCsMMPPaQv5uXLyepPXJE0emHBtgJOjKEHa79hrr0p1I2KN7Q8+mw8WlK55yVGuHroIA==",
      "dev": true
    },
    "@pixi/display": {
      "version": "6.2.1",
      "resolved": "https://registry.npmjs.org/@pixi/display/-/display-6.2.1.tgz",
      "integrity": "sha512-4taHTgQeAWXrxB4WV0CsyarFEVuI8seKU+12S57c8nQGRYESfDUx4jFatWfgMHY2xCNwCdPTCvlSJzT5ou8VWA==",
      "dev": true
    },
    "@pixi/extract": {
      "version": "6.2.1",
      "resolved": "https://registry.npmjs.org/@pixi/extract/-/extract-6.2.1.tgz",
      "integrity": "sha512-11MTxqXaZlsYRf9QumEDqZXoTb2RlIwpL42k7CnY7ycP+pu8TV+HB5NfLzFltCjnzXuBbl0/bz8eYeU5cSlVkA==",
      "dev": true
    },
    "@pixi/filter-alpha": {
      "version": "6.2.1",
      "resolved": "https://registry.npmjs.org/@pixi/filter-alpha/-/filter-alpha-6.2.1.tgz",
      "integrity": "sha512-f/xSY+T9JnpzrtB2F1EOsGr6urgln6Wdr/NQgVk13L/g8jrM/PhMlbDsodEwf5IL/2xRjAFwYjCFMgzWVXALkw==",
      "dev": true
    },
    "@pixi/filter-blur": {
      "version": "6.2.1",
      "resolved": "https://registry.npmjs.org/@pixi/filter-blur/-/filter-blur-6.2.1.tgz",
      "integrity": "sha512-5pIcdL4u5WAwGHsI8uNovb4iK50l+7Dz1ZIwuwbkGU8Xoti/dzeox4bgywnXPq+yN33/Ty0nwd7VYuHmaNl/Rw==",
      "dev": true
    },
    "@pixi/filter-color-matrix": {
      "version": "6.2.1",
      "resolved": "https://registry.npmjs.org/@pixi/filter-color-matrix/-/filter-color-matrix-6.2.1.tgz",
      "integrity": "sha512-f3yyaruhr8lAVv13YpMb5L4yolvuTygq05CvM3OIFK+dP5bYar2cajGc1Zu0bR3VGF03N8JeHxCUwfMwV7V7AA==",
      "dev": true
    },
    "@pixi/filter-displacement": {
      "version": "6.2.1",
      "resolved": "https://registry.npmjs.org/@pixi/filter-displacement/-/filter-displacement-6.2.1.tgz",
      "integrity": "sha512-o/MjC3tz1y3qZwf22FThGSqfn+zN5bMaBoXn+xSfCqC48thg9vgl2REq0jerDDMVSMW8vUvBUARfT+Wfm3SMDw==",
      "dev": true
    },
    "@pixi/filter-fxaa": {
      "version": "6.2.1",
      "resolved": "https://registry.npmjs.org/@pixi/filter-fxaa/-/filter-fxaa-6.2.1.tgz",
      "integrity": "sha512-mIiAhBBDrOOPm1UF4isp7ti3d0y1y0xIZJnYbi15/Stmi1EQsMckDKg+V5uq9qbSm1jP3KoYq9dd7Oz/lr9srw==",
      "dev": true
    },
    "@pixi/filter-noise": {
      "version": "6.2.1",
      "resolved": "https://registry.npmjs.org/@pixi/filter-noise/-/filter-noise-6.2.1.tgz",
      "integrity": "sha512-jDIKo65p1VbqfUKuvb9UaNWaL4SRoc0SMYUwhSJcPjaWKv5bl7Ifqa6b/iQ31ZGHZGSot2ypwFeBiZLG1ndInQ==",
      "dev": true
    },
    "@pixi/graphics": {
      "version": "6.2.1",
      "resolved": "https://registry.npmjs.org/@pixi/graphics/-/graphics-6.2.1.tgz",
      "integrity": "sha512-/MQREXYx+/glVAQLyNTLnd9+C1Bktm/F1XDzu5swDQSRH2Fo1rCh3mPw0dmJmrWrOOpBTO2+W7Kgm6NkENw9qA==",
      "dev": true
    },
    "@pixi/interaction": {
      "version": "6.2.1",
      "resolved": "https://registry.npmjs.org/@pixi/interaction/-/interaction-6.2.1.tgz",
      "integrity": "sha512-WsubcDQt447+JtDhDHNfkmkEah4Ytry5WYIKbUZSvBdIc9LVXHPLQ+gM4mKkprEV8ZsQb6H/NbmtIKxjxHGYvw==",
      "dev": true
    },
    "@pixi/loaders": {
      "version": "6.2.1",
      "resolved": "https://registry.npmjs.org/@pixi/loaders/-/loaders-6.2.1.tgz",
      "integrity": "sha512-UB1uYb3HL4uN1q+w916DNLIZzz7gkg3p4QQRmBXq08Dnj8DWCghPRAfTGfCu3ORqYqEwSaZ+ulLT+SRfHryvyQ==",
      "dev": true
    },
    "@pixi/math": {
      "version": "6.2.1",
      "resolved": "https://registry.npmjs.org/@pixi/math/-/math-6.2.1.tgz",
      "integrity": "sha512-ejAHHbJSRtAhpFVFOQ4niavCDkjISWBxjFQoqznManDZKXBH0vf8EQBWSth5Cp9wXXAG0mAt4gzlwYXEf7Axkg==",
      "dev": true
    },
    "@pixi/mesh": {
      "version": "6.2.1",
      "resolved": "https://registry.npmjs.org/@pixi/mesh/-/mesh-6.2.1.tgz",
      "integrity": "sha512-ekLhRxk6g8sVwrEj3xtVNmyCoCgKSIlqVYL26a2QWYAllWeP1FZiCmBJGk6FAXlIrzG76+aymiUVH35pD1gZvw==",
      "dev": true
    },
    "@pixi/mesh-extras": {
      "version": "6.2.1",
      "resolved": "https://registry.npmjs.org/@pixi/mesh-extras/-/mesh-extras-6.2.1.tgz",
      "integrity": "sha512-mgIRiW4W5aOI1lDawNBTNsDZAy+qBGwwBgYsvRqjqOK6cxQ2pnDSEvphK3k2k+Qk2zUBFzqIxSWcG9EWnDQf2Q==",
      "dev": true
    },
    "@pixi/mixin-cache-as-bitmap": {
      "version": "6.2.1",
      "resolved": "https://registry.npmjs.org/@pixi/mixin-cache-as-bitmap/-/mixin-cache-as-bitmap-6.2.1.tgz",
      "integrity": "sha512-+KsDxCrlvWK2S4ExaKMWFp5RPiFxbBZS2rQ3yrA5GTUC4uZUWm3QptVjHmWb1kjgD5l/QOGF40ZFTu8FfqXtlg==",
      "dev": true
    },
    "@pixi/mixin-get-child-by-name": {
      "version": "6.2.1",
      "resolved": "https://registry.npmjs.org/@pixi/mixin-get-child-by-name/-/mixin-get-child-by-name-6.2.1.tgz",
      "integrity": "sha512-Osrydgec/Zqu1rxz3wJlNH8qe3a8qyOC6dvzS0QlU6gIe7EUfqFSKSCsnht8zDFTNOBPL/hzG1JKDWTOBqRj8g==",
      "dev": true
    },
    "@pixi/mixin-get-global-position": {
      "version": "6.2.1",
      "resolved": "https://registry.npmjs.org/@pixi/mixin-get-global-position/-/mixin-get-global-position-6.2.1.tgz",
      "integrity": "sha512-3W5u3b5A4U6glUMPal1/8vug5gs5CIlum9K30VnNQ2Q2bC4mZ6CEBHVIN6pG7ekg3E7xbLwp/WlZM9wZ1yr7ng==",
      "dev": true
    },
    "@pixi/particle-container": {
      "version": "6.2.1",
      "resolved": "https://registry.npmjs.org/@pixi/particle-container/-/particle-container-6.2.1.tgz",
      "integrity": "sha512-uk8erald8eGiucE0336YTIOS4e1HkSYc8ZYkJnCfxEPcOSMyPEmInI+kWtq0IHa1icX9G4zZRh9rj3vCfCLY+A==",
      "dev": true
    },
    "@pixi/polyfill": {
      "version": "6.2.1",
      "resolved": "https://registry.npmjs.org/@pixi/polyfill/-/polyfill-6.2.1.tgz",
      "integrity": "sha512-t7xHLTq3L1FBWT65LR+L1rTjqFq6yDAS+07cG4GCp1TrjcBGV4RGNuB4VhlQOsxVJIhzzEry+3TQt6/EenQ5TQ==",
      "dev": true,
      "requires": {
        "object-assign": "^4.1.1",
        "promise-polyfill": "^8.2.0"
      }
    },
    "@pixi/prepare": {
      "version": "6.2.1",
      "resolved": "https://registry.npmjs.org/@pixi/prepare/-/prepare-6.2.1.tgz",
      "integrity": "sha512-SsNnZilq0gikrO/LjL+gEaUzmrFpkNeROgyfT6Pa3l2HWqG4eoU+iPxSH3f0WshYyZPLF793ryFut9tSJKLCSw==",
      "dev": true
    },
    "@pixi/runner": {
      "version": "6.2.1",
      "resolved": "https://registry.npmjs.org/@pixi/runner/-/runner-6.2.1.tgz",
      "integrity": "sha512-m3dB5b212WJ3wa7QGBY27NckHtQu1TR2FwtEeMyL0g0tSfCf1ve0Pegf39q9PQ4D1/C1j0n58JuKBqSf9oH66Q==",
      "dev": true
    },
    "@pixi/settings": {
      "version": "6.2.1",
      "resolved": "https://registry.npmjs.org/@pixi/settings/-/settings-6.2.1.tgz",
      "integrity": "sha512-GVgLgTdEMZDSEyly+yX+49MhVzEiSyJCHItAurLUVGLvi443AcRuK57mYVNDdTfOn2VRIvwW7FNgwdrzq58WWQ==",
      "dev": true,
      "requires": {
        "ismobilejs": "^1.1.0"
      }
    },
    "@pixi/sprite": {
      "version": "6.2.1",
      "resolved": "https://registry.npmjs.org/@pixi/sprite/-/sprite-6.2.1.tgz",
      "integrity": "sha512-NV4mS3vUcVgi9qKtY3SH/tf5goinCAJId3bmj76MAlBDNaE8wyu7bEcWLQFIHC59zxJCOd5D/iOmDqVKiOu4Dw==",
      "dev": true
    },
    "@pixi/sprite-animated": {
      "version": "6.2.1",
      "resolved": "https://registry.npmjs.org/@pixi/sprite-animated/-/sprite-animated-6.2.1.tgz",
      "integrity": "sha512-puJtJFcHgyYuWf4EdFOVMFimtQsTxskNwI/CMw5HQBuz8dPB3aHensVGyv7mPzr0zpl7Ruzb6l+F5Y/G6jbugg==",
      "dev": true
    },
    "@pixi/sprite-tiling": {
      "version": "6.2.1",
      "resolved": "https://registry.npmjs.org/@pixi/sprite-tiling/-/sprite-tiling-6.2.1.tgz",
      "integrity": "sha512-YPPqRRBp7JvQq1MjGU7IaKL+7WNeSsHNjUlQfawPR3XvNFLKb7zks1DvR09AziMm8u4h6/wfejFuRycqg/3gvQ==",
      "dev": true
    },
    "@pixi/spritesheet": {
      "version": "6.2.1",
      "resolved": "https://registry.npmjs.org/@pixi/spritesheet/-/spritesheet-6.2.1.tgz",
      "integrity": "sha512-mCJn3044/VX2Z0nGr+5brWR2F9akKzKAI4OBqmQU4mfiy7Q4+MM0Fgk9vHc7wKCuhUz//U7SmK6CdCqZknVaAA==",
      "dev": true
    },
    "@pixi/text": {
      "version": "6.2.1",
      "resolved": "https://registry.npmjs.org/@pixi/text/-/text-6.2.1.tgz",
      "integrity": "sha512-vTwXm6RVcSa4RXlqknxf1y7Q35fyOWIlERz3eb6STcoGFOwbXSjdIsAkamjKzbasfF0rSe910QHYxs2XWJ6ozA==",
      "dev": true
    },
    "@pixi/text-bitmap": {
      "version": "6.2.1",
      "resolved": "https://registry.npmjs.org/@pixi/text-bitmap/-/text-bitmap-6.2.1.tgz",
      "integrity": "sha512-fbOz1aTyXUu0+fuWVnL6eGu5WhpQlF83GM8CKBo2j4NqhxYnkIn4r5g2QSYXVAZ5PSeUjGO0o7lUKxZN0Wq2gg==",
      "dev": true
    },
    "@pixi/ticker": {
      "version": "6.2.1",
      "resolved": "https://registry.npmjs.org/@pixi/ticker/-/ticker-6.2.1.tgz",
      "integrity": "sha512-J9UCTIJswM7HO76CtBpJAB+EMBxElmJ+JV9uTUQBGZVc6cmQI9JPPx1QcDWVkuF4qv1Keeh0Tjhnq8Sjc701AA==",
      "dev": true
    },
    "@pixi/utils": {
      "version": "6.2.1",
      "resolved": "https://registry.npmjs.org/@pixi/utils/-/utils-6.2.1.tgz",
      "integrity": "sha512-aLOIzDZ6ccJ/DfGs9vldjWXn3RHpOMR26Bkr3aeynn/p1rdY3n2dzC8oKWwVb3gPQWmsEZJa8QuLvOiIwHqAJg==",
      "dev": true,
      "requires": {
        "@types/earcut": "^2.1.0",
        "earcut": "^2.2.2",
        "eventemitter3": "^3.1.0",
        "url": "^0.11.0"
      }
    },
    "@trixt0r/ecs": {
      "version": "0.4.4",
      "resolved": "https://registry.npmjs.org/@trixt0r/ecs/-/ecs-0.4.4.tgz",
      "integrity": "sha512-f7TKTlgcurjUV74sAawNfKic1tBy2L8NsETE7+6WiYsfFP2Z20C2LFXu9mdYKamNYHHkEXbQnlSEfIctsc130Q==",
      "dev": true
    },
    "@types/earcut": {
      "version": "2.1.1",
      "resolved": "https://registry.npmjs.org/@types/earcut/-/earcut-2.1.1.tgz",
      "integrity": "sha512-w8oigUCDjElRHRRrMvn/spybSMyX8MTkKA5Dv+tS1IE/TgmNZPqUYtvYBXGY8cieSE66gm+szeK+bnbxC2xHTQ==",
      "dev": true
    },
    "earcut": {
      "version": "2.2.3",
      "resolved": "https://registry.npmjs.org/earcut/-/earcut-2.2.3.tgz",
      "integrity": "sha512-iRDI1QeCQIhMCZk48DRDMVgQSSBDmbzzNhnxIo+pwx3swkfjMh6vh0nWLq1NdvGHLKH6wIrAM3vQWeTj6qeoug==",
      "dev": true
    },
    "esbuild": {
      "version": "0.14.8",
      "resolved": "https://registry.npmjs.org/esbuild/-/esbuild-0.14.8.tgz",
      "integrity": "sha512-stMsCBmxwaMpeK8GC/49L/cRGIwsHwoEN7Twk5zDTHlm/63c0KXFKzDC8iM2Mi3fyCKwS002TAH6IlAvqR6t3g==",
      "dev": true,
      "requires": {
        "esbuild-android-arm64": "0.14.8",
        "esbuild-darwin-64": "0.14.8",
        "esbuild-darwin-arm64": "0.14.8",
        "esbuild-freebsd-64": "0.14.8",
        "esbuild-freebsd-arm64": "0.14.8",
        "esbuild-linux-32": "0.14.8",
        "esbuild-linux-64": "0.14.8",
        "esbuild-linux-arm": "0.14.8",
        "esbuild-linux-arm64": "0.14.8",
        "esbuild-linux-mips64le": "0.14.8",
        "esbuild-linux-ppc64le": "0.14.8",
        "esbuild-linux-s390x": "0.14.8",
        "esbuild-netbsd-64": "0.14.8",
        "esbuild-openbsd-64": "0.14.8",
        "esbuild-sunos-64": "0.14.8",
        "esbuild-windows-32": "0.14.8",
        "esbuild-windows-64": "0.14.8",
        "esbuild-windows-arm64": "0.14.8"
      }
    },
    "esbuild-android-arm64": {
      "version": "0.14.8",
      "resolved": "https://registry.npmjs.org/esbuild-android-arm64/-/esbuild-android-arm64-0.14.8.tgz",
      "integrity": "sha512-tAEoSHnPBSH0cCAFa/aYs3LPsoTY4SwsP6wDKi4PaelbQYNJjqNpAeweyJ8l98g1D6ZkLyqsHbkYj+209sezkA==",
      "dev": true,
      "optional": true
    },
    "esbuild-darwin-64": {
      "version": "0.14.8",
      "resolved": "https://registry.npmjs.org/esbuild-darwin-64/-/esbuild-darwin-64-0.14.8.tgz",
      "integrity": "sha512-t7p7WzTb+ybiD/irkMt5j/NzB+jY+8yPTsrXk5zCOH1O7DdthRnAUJ7pJPwImdL7jAGRbLtYRxUPgCHs/0qUPw==",
      "dev": true,
      "optional": true
    },
    "esbuild-darwin-arm64": {
      "version": "0.14.8",
      "resolved": "https://registry.npmjs.org/esbuild-darwin-arm64/-/esbuild-darwin-arm64-0.14.8.tgz",
      "integrity": "sha512-5FeaT2zMUajKnBwUMSsjZev5iA38YHrDmXhkOCwZQIFUvhqojinqCrvv/X7dyxb1987bcY9KGwJ+EwDwd922HQ==",
      "dev": true,
      "optional": true
    },
    "esbuild-freebsd-64": {
      "version": "0.14.8",
      "resolved": "https://registry.npmjs.org/esbuild-freebsd-64/-/esbuild-freebsd-64-0.14.8.tgz",
      "integrity": "sha512-pGHBLSf7ynfyDZXUtbq/GsA2VIwQlWXrUj1AMcE0id47mRdEUM8/1ZuqMGZx63hRnNgtK9zNJ8OIu2c7qq76Qw==",
      "dev": true,
      "optional": true
    },
    "esbuild-freebsd-arm64": {
      "version": "0.14.8",
      "resolved": "https://registry.npmjs.org/esbuild-freebsd-arm64/-/esbuild-freebsd-arm64-0.14.8.tgz",
      "integrity": "sha512-g4GgAnrx6Gh1BjKJjJWgPnOR4tW2FcAx9wFvyUjRsIjB35gT+aAFR+P/zStu5OG9LnbS8Pvjd4wS68QIXk+2dA==",
      "dev": true,
      "optional": true
    },
    "esbuild-linux-32": {
      "version": "0.14.8",
      "resolved": "https://registry.npmjs.org/esbuild-linux-32/-/esbuild-linux-32-0.14.8.tgz",
      "integrity": "sha512-wPfQJadF5vTzriw/B8Ide74PeAJlZW7czNx3NIUHkHlXb+En1SeIqNzl6jG9DuJUl57xD9Ucl9YJFEkFeX8eLg==",
      "dev": true,
      "optional": true
    },
    "esbuild-linux-64": {
      "version": "0.14.8",
      "resolved": "https://registry.npmjs.org/esbuild-linux-64/-/esbuild-linux-64-0.14.8.tgz",
      "integrity": "sha512-+RNuLk9RhRDL2kG+KTEYl5cIgF6AGLkRnKKWEu9DpCZaickONEqrKyQSVn410Hj105DLdW6qvIXQQHPycJhExg==",
      "dev": true,
      "optional": true
    },
    "esbuild-linux-arm": {
      "version": "0.14.8",
      "resolved": "https://registry.npmjs.org/esbuild-linux-arm/-/esbuild-linux-arm-0.14.8.tgz",
      "integrity": "sha512-HIct38SvUAIJbiTwV/PVQroimQo96TGtzRDAEZxTorB4vsAj1r8bd0keXExPU4RH7G0zIqC4loQQpWYL+nH4Vg==",
      "dev": true,
      "optional": true
    },
    "esbuild-linux-arm64": {
      "version": "0.14.8",
      "resolved": "https://registry.npmjs.org/esbuild-linux-arm64/-/esbuild-linux-arm64-0.14.8.tgz",
      "integrity": "sha512-BtWoKNYul9UoxUvQUSdSrvSmJyFL1sGnNPTSqWCg1wMe4kmc8UY2yVsXSSkKO8N2jtHxlgFyz/XhvNBzEwGVcw==",
      "dev": true,
      "optional": true
    },
    "esbuild-linux-mips64le": {
      "version": "0.14.8",
      "resolved": "https://registry.npmjs.org/esbuild-linux-mips64le/-/esbuild-linux-mips64le-0.14.8.tgz",
      "integrity": "sha512-0DxnCl9XTvaQtsX6Qa+Phr5i9b04INwwSv2RbQ2UWRLoQ/037iaFzbmuhgrcmaGOcRwPkCa+4Qo5EgI01MUgsQ==",
      "dev": true,
      "optional": true
    },
    "esbuild-linux-ppc64le": {
      "version": "0.14.8",
      "resolved": "https://registry.npmjs.org/esbuild-linux-ppc64le/-/esbuild-linux-ppc64le-0.14.8.tgz",
      "integrity": "sha512-Uzr/OMj97Q0qoWLXCvXCKUY/z1SNI4iSZEuYylM5Nd71HGStL32XWq/MReJ0PYMvUMKKJicKSKw2jWM1uBQ84Q==",
      "dev": true,
      "optional": true
    },
    "esbuild-linux-s390x": {
      "version": "0.14.8",
      "resolved": "https://registry.npmjs.org/esbuild-linux-s390x/-/esbuild-linux-s390x-0.14.8.tgz",
      "integrity": "sha512-vURka7aCA5DrRoOqOn6pXYwFlDSoQ4qnqam8AC0Ikn6tibutuhgar6M3Ek2DCuz9yqd396mngdYr5A8x2TPkww==",
      "dev": true,
      "optional": true
    },
    "esbuild-netbsd-64": {
      "version": "0.14.8",
      "resolved": "https://registry.npmjs.org/esbuild-netbsd-64/-/esbuild-netbsd-64-0.14.8.tgz",
      "integrity": "sha512-tjyDak2/pp0VUAhBW6/ueuReMd5qLHNlisXl5pq0Xn0z+kH9urA/t1igm0JassWbdMz123td5ZEQWoD9KbtOAw==",
      "dev": true,
      "optional": true
    },
    "esbuild-openbsd-64": {
      "version": "0.14.8",
      "resolved": "https://registry.npmjs.org/esbuild-openbsd-64/-/esbuild-openbsd-64-0.14.8.tgz",
      "integrity": "sha512-zAKKV15fIyAuDDga5rQv0lW2ufBWj/OCjqjDBb3dJf5SfoAi/DMIHuzmkKQeDQ+oxt9Rp1D7ZOlOBVflutFTqQ==",
      "dev": true,
      "optional": true
    },
    "esbuild-sunos-64": {
      "version": "0.14.8",
      "resolved": "https://registry.npmjs.org/esbuild-sunos-64/-/esbuild-sunos-64-0.14.8.tgz",
      "integrity": "sha512-xV41Wa8imziM/2dbWZjLKQbIETRgo5dE0oc/uPsgaecJhsrdA0VkGa/V432LJSUYv967xHDQdoRRl5tr80+NnQ==",
      "dev": true,
      "optional": true
    },
    "esbuild-windows-32": {
      "version": "0.14.8",
      "resolved": "https://registry.npmjs.org/esbuild-windows-32/-/esbuild-windows-32-0.14.8.tgz",
      "integrity": "sha512-AxpdeLKQSyCZo7MzdOyV4OgEbEJcjnrS/2niAjbHESbjuS5P1DN/5vZoJ/JSWDVa/40OkBuHBhAXMx1HK3UDsg==",
      "dev": true,
      "optional": true
    },
    "esbuild-windows-64": {
      "version": "0.14.8",
      "resolved": "https://registry.npmjs.org/esbuild-windows-64/-/esbuild-windows-64-0.14.8.tgz",
      "integrity": "sha512-/3pllNoy8mrz/E1rYalwiwwhzJBrYQhEapwAteHZbFVhGzYuB8F80e8x5eA8dhFHxDiZh1VzK+hREwwSt8UTQA==",
      "dev": true,
      "optional": true
    },
    "esbuild-windows-arm64": {
      "version": "0.14.8",
      "resolved": "https://registry.npmjs.org/esbuild-windows-arm64/-/esbuild-windows-arm64-0.14.8.tgz",
      "integrity": "sha512-lTm5naoNgaUvzIiax3XYIEebqwr3bIIEEtqUhzQ2UQ+JMBmvhr02w3sJIJqF3axTX6TgWrC1OtM7DYNvFG+aXA==",
      "dev": true,
      "optional": true
    },
    "eventemitter3": {
      "version": "3.1.2",
      "resolved": "https://registry.npmjs.org/eventemitter3/-/eventemitter3-3.1.2.tgz",
      "integrity": "sha512-tvtQIeLVHjDkJYnzf2dgVMxfuSGJeM/7UCG17TT4EumTfNtF+0nebF/4zWOIkCreAbtNqhGEboB6BWrwqNaw4Q==",
      "dev": true
    },
    "ismobilejs": {
      "version": "1.1.1",
      "resolved": "https://registry.npmjs.org/ismobilejs/-/ismobilejs-1.1.1.tgz",
      "integrity": "sha512-VaFW53yt8QO61k2WJui0dHf4SlL8lxBofUuUmwBo0ljPk0Drz2TiuDW4jo3wDcv41qy/SxrJ+VAzJ/qYqsmzRw==",
      "dev": true
    },
    "object-assign": {
      "version": "4.1.1",
      "resolved": "https://registry.npmjs.org/object-assign/-/object-assign-4.1.1.tgz",
      "integrity": "sha1-IQmtx5ZYh8/AXLvUQsrIv7s2CGM=",
      "dev": true
    },
    "pixi.js": {
      "version": "6.2.1",
      "resolved": "https://registry.npmjs.org/pixi.js/-/pixi.js-6.2.1.tgz",
      "integrity": "sha512-oZaa4QAkzcYnXRBH3O8u2LuUVO6gTPKSZijZIYhv6+EDBULZvPxlOZf7jFQNpXVgKAXhptQmOytO1LnWMuK2Sg==",
      "dev": true,
      "requires": {
        "@pixi/accessibility": "6.2.1",
        "@pixi/app": "6.2.1",
        "@pixi/compressed-textures": "6.2.1",
        "@pixi/constants": "6.2.1",
        "@pixi/core": "6.2.1",
        "@pixi/display": "6.2.1",
        "@pixi/extract": "6.2.1",
        "@pixi/filter-alpha": "6.2.1",
        "@pixi/filter-blur": "6.2.1",
        "@pixi/filter-color-matrix": "6.2.1",
        "@pixi/filter-displacement": "6.2.1",
        "@pixi/filter-fxaa": "6.2.1",
        "@pixi/filter-noise": "6.2.1",
        "@pixi/graphics": "6.2.1",
        "@pixi/interaction": "6.2.1",
        "@pixi/loaders": "6.2.1",
        "@pixi/math": "6.2.1",
        "@pixi/mesh": "6.2.1",
        "@pixi/mesh-extras": "6.2.1",
        "@pixi/mixin-cache-as-bitmap": "6.2.1",
        "@pixi/mixin-get-child-by-name": "6.2.1",
        "@pixi/mixin-get-global-position": "6.2.1",
        "@pixi/particle-container": "6.2.1",
        "@pixi/polyfill": "6.2.1",
        "@pixi/prepare": "6.2.1",
        "@pixi/runner": "6.2.1",
        "@pixi/settings": "6.2.1",
        "@pixi/sprite": "6.2.1",
        "@pixi/sprite-animated": "6.2.1",
        "@pixi/sprite-tiling": "6.2.1",
        "@pixi/spritesheet": "6.2.1",
        "@pixi/text": "6.2.1",
        "@pixi/text-bitmap": "6.2.1",
        "@pixi/ticker": "6.2.1",
        "@pixi/utils": "6.2.1"
      }
    },
    "promise-polyfill": {
      "version": "8.2.1",
      "resolved": "https://registry.npmjs.org/promise-polyfill/-/promise-polyfill-8.2.1.tgz",
      "integrity": "sha512-3p9zj0cEHbp7NVUxEYUWjQlffXqnXaZIMPkAO7HhFh8u5636xLRDHOUo2vpWSK0T2mqm6fKLXYn1KP6PAZ2gKg==",
      "dev": true
    },
    "punycode": {
      "version": "1.3.2",
      "resolved": "https://registry.npmjs.org/punycode/-/punycode-1.3.2.tgz",
      "integrity": "sha1-llOgNvt8HuQjQvIyXM7v6jkmxI0=",
      "dev": true
    },
    "querystring": {
      "version": "0.2.0",
      "resolved": "https://registry.npmjs.org/querystring/-/querystring-0.2.0.tgz",
      "integrity": "sha1-sgmEkgO7Jd+CDadW50cAWHhSFiA=",
      "dev": true
    },
    "url": {
      "version": "0.11.0",
      "resolved": "https://registry.npmjs.org/url/-/url-0.11.0.tgz",
      "integrity": "sha1-ODjpfPxgUh63PFJajlW/3Z4uKPE=",
      "dev": true,
      "requires": {
        "punycode": "1.3.2",
        "querystring": "0.2.0"
      }
    }
  }
}
